{
  "nodes": {
    "flake-utils": {
      "locked": {
        "lastModified": 1610051610,
        "narHash": "sha256-U9rPz/usA1/Aohhk7Cmc2gBrEEKRzcW4nwPWMPwja4Y=",
        "owner": "numtide",
        "repo": "flake-utils",
        "rev": "3982c9903e93927c2164caa727cd3f6a0e6d14cc",
        "type": "github"
      },
      "original": {
        "owner": "numtide",
        "repo": "flake-utils",
        "type": "github"
      }
    },
    "flake-utils_2": {
      "locked": {
        "lastModified": 1610051610,
        "narHash": "sha256-U9rPz/usA1/Aohhk7Cmc2gBrEEKRzcW4nwPWMPwja4Y=",
        "owner": "numtide",
        "repo": "flake-utils",
        "rev": "3982c9903e93927c2164caa727cd3f6a0e6d14cc",
        "type": "github"
      },
      "original": {
        "owner": "numtide",
        "repo": "flake-utils",
        "type": "github"
      }
    },
    "home-manager": {
      "inputs": {
        "nixpkgs": "nixpkgs"
      },
      "locked": {
        "lastModified": 1611323638,
        "narHash": "sha256-+7wm2RH82NYTZjzl0Nw+8E4yyXqVp/6xPdPWHAQXlt8=",
        "owner": "nix-community",
        "repo": "home-manager",
        "rev": "91bd34620d73340be03642279ee0d1c64110ee6c",
        "type": "github"
      },
      "original": {
        "owner": "nix-community",
        "ref": "release-20.09",
        "repo": "home-manager",
        "type": "github"
      }
    },
    "neovim": {
      "inputs": {
        "flake-utils": "flake-utils_2",
        "nixpkgs": "nixpkgs_2"
      },
      "locked": {
        "dir": "contrib",
        "lastModified": 1612992532,
        "narHash": "sha256-MrgVD0GHtm1QWD5PwlE9wpV64+zIK0emkKOiPOW4DL8=",
        "owner": "neovim",
        "repo": "neovim",
        "rev": "61aea004d7101e138794a337c03ef00a6b3994e6",
        "type": "github"
      },
      "original": {
        "dir": "contrib",
        "owner": "neovim",
        "repo": "neovim",
        "type": "github"
      }
    },
    "nixpkgs": {
      "locked": {
        "lastModified": 1612028859,
        "narHash": "sha256-z9teoYiQIN3UoisWgjpX5ZsRfAKonL1Ui6IAnJbPx4c=",
        "owner": "NixOS",
        "repo": "nixpkgs",
        "rev": "276a8baf232d6c63fd5792fcf03192031a4ef860",
        "type": "github"
      },
      "original": {
        "id": "nixpkgs",
        "type": "indirect"
      }
    },
    "nixpkgs-unstable": {
      "locked": {
        "lastModified": 1611575689,
        "narHash": "sha256-z2rNP3zdVnGxp9iV2Rbn0/LLKhk47DZQKxDkpYFLI7M=",
        "owner": "NixOS",
        "repo": "nixpkgs",
        "rev": "891f607d5301d6730cb1f9dcf3618bcb1ab7f10e",
        "type": "github"
      },
      "original": {
        "owner": "NixOS",
        "ref": "nixos-unstable",
        "repo": "nixpkgs",
        "type": "github"
      }
    },
    "nixpkgs_2": {
      "locked": {
        "lastModified": 1612813619,
        "narHash": "sha256-8yGqFXo426Vg4u0L8yXfS/WrgDV4ytMGZQb7SopoZCo=",
        "owner": "nixos",
        "repo": "nixpkgs",
        "rev": "8c8731330b53ba0061686f36f10f101e662a4717",
        "type": "github"
      },
      "original": {
        "owner": "nixos",
        "ref": "nixos-unstable",
        "repo": "nixpkgs",
        "type": "github"
      }
    },
    "nixpkgs_3": {
      "locked": {
        "lastModified": 1611910458,
        "narHash": "sha256-//j54S14v9lp3YKizS1WZW3WKwLjGTzvwhHfUAaRBPQ=",
        "owner": "NixOS",
        "repo": "nixpkgs",
        "rev": "6e7f25001fe6874f7ae271891f709bbf50a22c45",
        "type": "github"
      },
      "original": {
        "owner": "NixOS",
        "ref": "nixos-20.09",
        "repo": "nixpkgs",
        "type": "github"
      }
    },
    "nur": {
      "locked": {
        "lastModified": 1611946916,
        "narHash": "sha256-9Rpg+oImgDoq7dXi25vjO1zCs/eJDCI508GSSxMiXmo=",
        "owner": "nix-community",
        "repo": "NUR",
        "rev": "c3f08cd23e5bc77c960d2f2401a2751a5820cbca",
        "type": "github"
      },
      "original": {
        "owner": "nix-community",
        "repo": "NUR",
        "type": "github"
      }
    },
    "root": {
      "inputs": {
        "flake-utils": "flake-utils",
        "home-manager": "home-manager",
        "neovim": "neovim",
        "nixpkgs": "nixpkgs_3",
        "nixpkgs-unstable": "nixpkgs-unstable",
        "nur": "nur"
      }
    }
  },
  "root": "root",
  "version": 7
}
