{
  "nodes": {
    "home-manager": {
      "inputs": {
        "nixpkgs": "nixpkgs"
      },
      "locked": {
        "lastModified": 1604441492,
        "narHash": "sha256-Wo7WqdwNQnWHmhyZuhVLrAEpCuZl88cA9ttxkiCTekY=",
        "owner": "nix-community",
        "repo": "home-manager",
        "rev": "63f299b3347aea183fc5088e4d6c4a193b334a41",
        "type": "github"
      },
      "original": {
        "owner": "nix-community",
        "ref": "release-20.09",
        "repo": "home-manager",
        "type": "github"
      }
    },
    "nixpkgs": {
      "locked": {
        "lastModified": 1605321319,
        "narHash": "sha256-G9TTCDNbxaaN4PoC8BwpERjj/AiUFlO2WWhfxtBq0/4=",
        "owner": "NixOS",
        "repo": "nixpkgs",
        "rev": "b8c1348049078fcaabde0c2342a53975f244dce4",
        "type": "github"
      },
      "original": {
        "id": "nixpkgs",
        "type": "indirect"
      }
    },
    "nixpkgs_2": {
      "locked": {
        "lastModified": 1605220118,
        "narHash": "sha256-Und10ixH1WuW0XHYMxxuHRohKYb45R/T8CwZuLd2D2Q=",
        "owner": "NixOS",
        "repo": "nixpkgs",
        "rev": "3090c65041104931adda7625d37fa874b2b5c124",
        "type": "github"
      },
      "original": {
        "owner": "NixOS",
        "ref": "nixos-20.09",
        "repo": "nixpkgs",
        "type": "github"
      }
    },
    "root": {
      "inputs": {
        "home-manager": "home-manager",
        "nixpkgs": "nixpkgs_2"
      }
    }
  },
  "root": "root",
  "version": 7
}
